// !$*UTF8*$!
{
	archiveVersion = 1;
	classes = {
	};
	objectVersion = 50;
	objects = {

/* Begin PBXBuildFile section */
		C8375C81259DEE8C0035F28F /* AppDelegate.swift in Sources */ = {isa = PBXBuildFile; fileRef = C8375C80259DEE8C0035F28F /* AppDelegate.swift */; };
		C8375C83259DEE8C0035F28F /* SceneDelegate.swift in Sources */ = {isa = PBXBuildFile; fileRef = C8375C82259DEE8C0035F28F /* SceneDelegate.swift */; };
		C8375C85259DEE8C0035F28F /* ViewController.swift in Sources */ = {isa = PBXBuildFile; fileRef = C8375C84259DEE8C0035F28F /* ViewController.swift */; };
		C8375C88259DEE8C0035F28F /* Main.storyboard in Resources */ = {isa = PBXBuildFile; fileRef = C8375C86259DEE8C0035F28F /* Main.storyboard */; };
		C8375C8A259DEE8D0035F28F /* Assets.xcassets in Resources */ = {isa = PBXBuildFile; fileRef = C8375C89259DEE8D0035F28F /* Assets.xcassets */; };
		C8375C8D259DEE8D0035F28F /* LaunchScreen.storyboard in Resources */ = {isa = PBXBuildFile; fileRef = C8375C8B259DEE8D0035F28F /* LaunchScreen.storyboard */; };
		C8375C9C259FA76B0035F28F /* nssl0033-2.jpg in Resources */ = {isa = PBXBuildFile; fileRef = C8375C96259FA76B0035F28F /* nssl0033-2.jpg */; };
		C8375C9D259FA76B0035F28F /* nssl0034-2.jpg in Resources */ = {isa = PBXBuildFile; fileRef = C8375C97259FA76B0035F28F /* nssl0034-2.jpg */; };
		C8375C9E259FA76B0035F28F /* nssl0042-2.jpg in Resources */ = {isa = PBXBuildFile; fileRef = C8375C98259FA76B0035F28F /* nssl0042-2.jpg */; };
		C8375C9F259FA76B0035F28F /* nssl0045.jpg in Resources */ = {isa = PBXBuildFile; fileRef = C8375C99259FA76B0035F28F /* nssl0045.jpg */; };
		C8375CA0259FA76B0035F28F /* nssl0043.jpg in Resources */ = {isa = PBXBuildFile; fileRef = C8375C9A259FA76B0035F28F /* nssl0043.jpg */; };
		C8375CA1259FA76B0035F28F /* nssl0041-2.jpg in Resources */ = {isa = PBXBuildFile; fileRef = C8375C9B259FA76B0035F28F /* nssl0041-2.jpg */; };
		C8375CA425A072590035F28F /* DetailViewController.swift in Sources */ = {isa = PBXBuildFile; fileRef = C8375CA325A072590035F28F /* DetailViewController.swift */; };
/* End PBXBuildFile section */

/* Begin PBXFileReference section */
		C8375C7D259DEE8C0035F28F /* Storm Viewer.app */ = {isa = PBXFileReference; explicitFileType = wrapper.application; includeInIndex = 0; path = "Storm Viewer.app"; sourceTree = BUILT_PRODUCTS_DIR; };
		C8375C80259DEE8C0035F28F /* AppDelegate.swift */ = {isa = PBXFileReference; lastKnownFileType = sourcecode.swift; path = AppDelegate.swift; sourceTree = "<group>"; };
		C8375C82259DEE8C0035F28F /* SceneDelegate.swift */ = {isa = PBXFileReference; lastKnownFileType = sourcecode.swift; path = SceneDelegate.swift; sourceTree = "<group>"; };
		C8375C84259DEE8C0035F28F /* ViewController.swift */ = {isa = PBXFileReference; lastKnownFileType = sourcecode.swift; path = ViewController.swift; sourceTree = "<group>"; };
		C8375C87259DEE8C0035F28F /* Base */ = {isa = PBXFileReference; lastKnownFileType = file.storyboard; name = Base; path = Base.lproj/Main.storyboard; sourceTree = "<group>"; };
		C8375C89259DEE8D0035F28F /* Assets.xcassets */ = {isa = PBXFileReference; lastKnownFileType = folder.assetcatalog; path = Assets.xcassets; sourceTree = "<group>"; };
		C8375C8C259DEE8D0035F28F /* Base */ = {isa = PBXFileReference; lastKnownFileType = file.storyboard; name = Base; path = Base.lproj/LaunchScreen.storyboard; sourceTree = "<group>"; };
		C8375C8E259DEE8D0035F28F /* Info.plist */ = {isa = PBXFileReference; lastKnownFileType = text.plist.xml; path = Info.plist; sourceTree = "<group>"; };
		C8375C96259FA76B0035F28F /* nssl0033-2.jpg */ = {isa = PBXFileReference; lastKnownFileType = image.jpeg; path = "nssl0033-2.jpg"; sourceTree = "<group>"; };
		C8375C97259FA76B0035F28F /* nssl0034-2.jpg */ = {isa = PBXFileReference; lastKnownFileType = image.jpeg; path = "nssl0034-2.jpg"; sourceTree = "<group>"; };
		C8375C98259FA76B0035F28F /* nssl0042-2.jpg */ = {isa = PBXFileReference; lastKnownFileType = image.jpeg; path = "nssl0042-2.jpg"; sourceTree = "<group>"; };
		C8375C99259FA76B0035F28F /* nssl0045.jpg */ = {isa = PBXFileReference; lastKnownFileType = image.jpeg; path = nssl0045.jpg; sourceTree = "<group>"; };
		C8375C9A259FA76B0035F28F /* nssl0043.jpg */ = {isa = PBXFileReference; lastKnownFileType = image.jpeg; path = nssl0043.jpg; sourceTree = "<group>"; };
		C8375C9B259FA76B0035F28F /* nssl0041-2.jpg */ = {isa = PBXFileReference; lastKnownFileType = image.jpeg; path = "nssl0041-2.jpg"; sourceTree = "<group>"; };
		C8375CA325A072590035F28F /* DetailViewController.swift */ = {isa = PBXFileReference; lastKnownFileType = sourcecode.swift; path = DetailViewController.swift; sourceTree = "<group>"; };
/* End PBXFileReference section */

/* Begin PBXFrameworksBuildPhase section */
		C8375C7A259DEE8C0035F28F /* Frameworks */ = {
			isa = PBXFrameworksBuildPhase;
			buildActionMask = 2147483647;
			files = (
			);
			runOnlyForDeploymentPostprocessing = 0;
		};
/* End PBXFrameworksBuildPhase section */

/* Begin PBXGroup section */
		C8375C74259DEE8B0035F28F = {
			isa = PBXGroup;
			children = (
				C8375C7F259DEE8C0035F28F /* Storm Viewer */,
				C8375C7E259DEE8C0035F28F /* Products */,
			);
			sourceTree = "<group>";
		};
		C8375C7E259DEE8C0035F28F /* Products */ = {
			isa = PBXGroup;
			children = (
				C8375C7D259DEE8C0035F28F /* Storm Viewer.app */,
			);
			name = Products;
			sourceTree = "<group>";
		};
		C8375C7F259DEE8C0035F28F /* Storm Viewer */ = {
			isa = PBXGroup;
			children = (
				C8375C80259DEE8C0035F28F /* AppDelegate.swift */,
				C8375C82259DEE8C0035F28F /* SceneDelegate.swift */,
				C8375C84259DEE8C0035F28F /* ViewController.swift */,
				C8375CA325A072590035F28F /* DetailViewController.swift */,
				C8375C86259DEE8C0035F28F /* Main.storyboard */,
				C8375C89259DEE8D0035F28F /* Assets.xcassets */,
				C8375C8B259DEE8D0035F28F /* LaunchScreen.storyboard */,
				C8375C8E259DEE8D0035F28F /* Info.plist */,
				C8375C95259FA76B0035F28F /* Content */,
			);
			path = "Storm Viewer";
			sourceTree = "<group>";
		};
		C8375C95259FA76B0035F28F /* Content */ = {
			isa = PBXGroup;
			children = (
				C8375C96259FA76B0035F28F /* nssl0033-2.jpg */,
				C8375C97259FA76B0035F28F /* nssl0034-2.jpg */,
				C8375C98259FA76B0035F28F /* nssl0042-2.jpg */,
				C8375C99259FA76B0035F28F /* nssl0045.jpg */,
				C8375C9A259FA76B0035F28F /* nssl0043.jpg */,
				C8375C9B259FA76B0035F28F /* nssl0041-2.jpg */,
			);
			path = Content;
			sourceTree = "<group>";
		};
/* End PBXGroup section */

/* Begin PBXNativeTarget section */
		C8375C7C259DEE8C0035F28F /* Storm Viewer */ = {
			isa = PBXNativeTarget;
			buildConfigurationList = C8375C91259DEE8D0035F28F /* Build configuration list for PBXNativeTarget "Storm Viewer" */;
			buildPhases = (
				C8375C79259DEE8C0035F28F /* Sources */,
				C8375C7A259DEE8C0035F28F /* Frameworks */,
				C8375C7B259DEE8C0035F28F /* Resources */,
			);
			buildRules = (
			);
			dependencies = (
			);
			name = "Storm Viewer";
			productName = "Storm Viewer";
			productReference = C8375C7D259DEE8C0035F28F /* Storm Viewer.app */;
			productType = "com.apple.product-type.application";
		};
/* End PBXNativeTarget section */

/* Begin PBXProject section */
		C8375C75259DEE8B0035F28F /* Project object */ = {
			isa = PBXProject;
			attributes = {
				LastSwiftUpdateCheck = 1220;
				LastUpgradeCheck = 1220;
				TargetAttributes = {
					C8375C7C259DEE8C0035F28F = {
						CreatedOnToolsVersion = 12.2;
					};
				};
			};
			buildConfigurationList = C8375C78259DEE8B0035F28F /* Build configuration list for PBXProject "Storm Viewer" */;
			compatibilityVersion = "Xcode 9.3";
			developmentRegion = en;
			hasScannedForEncodings = 0;
			knownRegions = (
				en,
				Base,
			);
			mainGroup = C8375C74259DEE8B0035F28F;
			productRefGroup = C8375C7E259DEE8C0035F28F /* Products */;
			projectDirPath = "";
			projectRoot = "";
			targets = (
				C8375C7C259DEE8C0035F28F /* Storm Viewer */,
			);
		};
/* End PBXProject section */

/* Begin PBXResourcesBuildPhase section */
		C8375C7B259DEE8C0035F28F /* Resources */ = {
			isa = PBXResourcesBuildPhase;
			buildActionMask = 2147483647;
			files = (
				C8375C9E259FA76B0035F28F /* nssl0042-2.jpg in Resources */,
				C8375C8D259DEE8D0035F28F /* LaunchScreen.storyboard in Resources */,
				C8375CA0259FA76B0035F28F /* nssl0043.jpg in Resources */,
				C8375CA1259FA76B0035F28F /* nssl0041-2.jpg in Resources */,
				C8375C9D259FA76B0035F28F /* nssl0034-2.jpg in Resources */,
				C8375C8A259DEE8D0035F28F /* Assets.xcassets in Resources */,
				C8375C9C259FA76B0035F28F /* nssl0033-2.jpg in Resources */,
				C8375C9F259FA76B0035F28F /* nssl0045.jpg in Resources */,
				C8375C88259DEE8C0035F28F /* Main.storyboard in Resources */,
			);
			runOnlyForDeploymentPostprocessing = 0;
		};
/* End PBXResourcesBuildPhase section */

/* Begin PBXSourcesBuildPhase section */
		C8375C79259DEE8C0035F28F /* Sources */ = {
			isa = PBXSourcesBuildPhase;
			buildActionMask = 2147483647;
			files = (
				C8375C85259DEE8C0035F28F /* ViewController.swift in Sources */,
				C8375C81259DEE8C0035F28F /* AppDelegate.swift in Sources */,
				C8375C83259DEE8C0035F28F /* SceneDelegate.swift in Sources */,
				C8375CA425A072590035F28F /* DetailViewController.swift in Sources */,
			);
			runOnlyForDeploymentPostprocessing = 0;
		};
/* End PBXSourcesBuildPhase section */

/* Begin PBXVariantGroup section */
		C8375C86259DEE8C0035F28F /* Main.storyboard */ = {
			isa = PBXVariantGroup;
			children = (
				C8375C87259DEE8C0035F28F /* Base */,
			);
			name = Main.storyboard;
			sourceTree = "<group>";
		};
		C8375C8B259DEE8D0035F28F /* LaunchScreen.storyboard */ = {
			isa = PBXVariantGroup;
			children = (
				C8375C8C259DEE8D0035F28F /* Base */,
			);
			name = LaunchScreen.storyboard;
			sourceTree = "<group>";
		};
/* End PBXVariantGroup section */

/* Begin XCBuildConfiguration section */
		C8375C8F259DEE8D0035F28F /* Debug */ = {
			isa = XCBuildConfiguration;
			buildSettings = {
				ALWAYS_SEARCH_USER_PATHS = NO;
				CLANG_ANALYZER_NONNULL = YES;
				CLANG_ANALYZER_NUMBER_OBJECT_CONVERSION = YES_AGGRESSIVE;
				CLANG_CXX_LANGUAGE_STANDARD = "gnu++14";
				CLANG_CXX_LIBRARY = "libc++";
				CLANG_ENABLE_MODULES = YES;
				CLANG_ENABLE_OBJC_ARC = YES;
				CLANG_ENABLE_OBJC_WEAK = YES;
				CLANG_WARN_BLOCK_CAPTURE_AUTORELEASING = YES;
				CLANG_WARN_BOOL_CONVERSION = YES;
				CLANG_WARN_COMMA = YES;
				CLANG_WARN_CONSTANT_CONVERSION = YES;
				CLANG_WARN_DEPRECATED_OBJC_IMPLEMENTATIONS = YES;
				CLANG_WARN_DIRECT_OBJC_ISA_USAGE = YES_ERROR;
				CLANG_WARN_DOCUMENTATION_COMMENTS = YES;
				CLANG_WARN_EMPTY_BODY = YES;
				CLANG_WARN_ENUM_CONVERSION = YES;
				CLANG_WARN_INFINITE_RECURSION = YES;
				CLANG_WARN_INT_CONVERSION = YES;
				CLANG_WARN_NON_LITERAL_NULL_CONVERSION = YES;
				CLANG_WARN_OBJC_IMPLICIT_RETAIN_SELF = YES;
				CLANG_WARN_OBJC_LITERAL_CONVERSION = YES;
				CLANG_WARN_OBJC_ROOT_CLASS = YES_ERROR;
				CLANG_WARN_QUOTED_INCLUDE_IN_FRAMEWORK_HEADER = YES;
				CLANG_WARN_RANGE_LOOP_ANALYSIS = YES;
				CLANG_WARN_STRICT_PROTOTYPES = YES;
				CLANG_WARN_SUSPICIOUS_MOVE = YES;
				CLANG_WARN_UNGUARDED_AVAILABILITY = YES_AGGRESSIVE;
				CLANG_WARN_UNREACHABLE_CODE = YES;
				CLANG_WARN__DUPLICATE_METHOD_MATCH = YES;
				COPY_PHASE_STRIP = NO;
				DEBUG_INFORMATION_FORMAT = dwarf;
				ENABLE_STRICT_OBJC_MSGSEND = YES;
				ENABLE_TESTABILITY = YES;
				GCC_C_LANGUAGE_STANDARD = gnu11;
				GCC_DYNAMIC_NO_PIC = NO;
				GCC_NO_COMMON_BLOCKS = YES;
				GCC_OPTIMIZATION_LEVEL = 0;
				GCC_PREPROCESSOR_DEFINITIONS = (
					"DEBUG=1",
					"$(inherited)",
				);
				GCC_WARN_64_TO_32_BIT_CONVERSION = YES;
				GCC_WARN_ABOUT_RETURN_TYPE = YES_ERROR;
				GCC_WARN_UNDECLARED_SELECTOR = YES;
				GCC_WARN_UNINITIALIZED_AUTOS = YES_AGGRESSIVE;
				GCC_WARN_UNUSED_FUNCTION = YES;
				GCC_WARN_UNUSED_VARIABLE = YES;
				IPHONEOS_DEPLOYMENT_TARGET = 14.2;
				MTL_ENABLE_DEBUG_INFO = INCLUDE_SOURCE;
				MTL_FAST_MATH = YES;
				ONLY_ACTIVE_ARCH = YES;
				SDKROOT = iphoneos;
				SWIFT_ACTIVE_COMPILATION_CONDITIONS = DEBUG;
				SWIFT_OPTIMIZATION_LEVEL = "-Onone";
			};
			name = Debug;
		};
		C8375C90259DEE8D0035F28F /* Release */ = {
			isa = XCBuildConfiguration;
			buildSettings = {
				ALWAYS_SEARCH_USER_PATHS = NO;
				CLANG_ANALYZER_NONNULL = YES;
				CLANG_ANALYZER_NUMBER_OBJECT_CONVERSION = YES_AGGRESSIVE;
				CLANG_CXX_LANGUAGE_STANDARD = "gnu++14";
				CLANG_CXX_LIBRARY = "libc++";
				CLANG_ENABLE_MODULES = YES;
				CLANG_ENABLE_OBJC_ARC = YES;
				CLANG_ENABLE_OBJC_WEAK = YES;
				CLANG_WARN_BLOCK_CAPTURE_AUTORELEASING = YES;
				CLANG_WARN_BOOL_CONVERSION = YES;
				CLANG_WARN_COMMA = YES;
				CLANG_WARN_CONSTANT_CONVERSION = YES;
				CLANG_WARN_DEPRECATED_OBJC_IMPLEMENTATIONS = YES;
				CLANG_WARN_DIRECT_OBJC_ISA_USAGE = YES_ERROR;
				CLANG_WARN_DOCUMENTATION_COMMENTS = YES;
				CLANG_WARN_EMPTY_BODY = YES;
				CLANG_WARN_ENUM_CONVERSION = YES;
				CLANG_WARN_INFINITE_RECURSION = YES;
				CLANG_WARN_INT_CONVERSION = YES;
				CLANG_WARN_NON_LITERAL_NULL_CONVERSION = YES;
				CLANG_WARN_OBJC_IMPLICIT_RETAIN_SELF = YES;
				CLANG_WARN_OBJC_LITERAL_CONVERSION = YES;
				CLANG_WARN_OBJC_ROOT_CLASS = YES_ERROR;
				CLANG_WARN_QUOTED_INCLUDE_IN_FRAMEWORK_HEADER = YES;
				CLANG_WARN_RANGE_LOOP_ANALYSIS = YES;
				CLANG_WARN_STRICT_PROTOTYPES = YES;
				CLANG_WARN_SUSPICIOUS_MOVE = YES;
				CLANG_WARN_UNGUARDED_AVAILABILITY = YES_AGGRESSIVE;
				CLANG_WARN_UNREACHABLE_CODE = YES;
				CLANG_WARN__DUPLICATE_METHOD_MATCH = YES;
				COPY_PHASE_STRIP = NO;
				DEBUG_INFORMATION_FORMAT = "dwarf-with-dsym";
				ENABLE_NS_ASSERTIONS = NO;
				ENABLE_STRICT_OBJC_MSGSEND = YES;
				GCC_C_LANGUAGE_STANDARD = gnu11;
				GCC_NO_COMMON_BLOCKS = YES;
				GCC_WARN_64_TO_32_BIT_CONVERSION = YES;
				GCC_WARN_ABOUT_RETURN_TYPE = YES_ERROR;
				GCC_WARN_UNDECLARED_SELECTOR = YES;
				GCC_WARN_UNINITIALIZED_AUTOS = YES_AGGRESSIVE;
				GCC_WARN_UNUSED_FUNCTION = YES;
				GCC_WARN_UNUSED_VARIABLE = YES;
				IPHONEOS_DEPLOYMENT_TARGET = 14.2;
				MTL_ENABLE_DEBUG_INFO = NO;
				MTL_FAST_MATH = YES;
				SDKROOT = iphoneos;
				SWIFT_COMPILATION_MODE = wholemodule;
				SWIFT_OPTIMIZATION_LEVEL = "-O";
				VALIDATE_PRODUCT = YES;
			};
			name = Release;
		};
		C8375C92259DEE8D0035F28F /* Debug */ = {
			isa = XCBuildConfiguration;
			buildSettings = {
				ASSETCATALOG_COMPILER_APPICON_NAME = AppIcon;
				ASSETCATALOG_COMPILER_GLOBAL_ACCENT_COLOR_NAME = AccentColor;
				CODE_SIGN_STYLE = Automatic;
				INFOPLIST_FILE = "Storm Viewer/Info.plist";
				LD_RUNPATH_SEARCH_PATHS = (
					"$(inherited)",
					"@executable_path/Frameworks",
				);
				PRODUCT_BUNDLE_IDENTIFIER = "Vyacheslav.Storm-Viewer";
				PRODUCT_NAME = "$(TARGET_NAME)";
				SWIFT_VERSION = 5.0;
				TARGETED_DEVICE_FAMILY = "1,2";
			};
			name = Debug;
		};
		C8375C93259DEE8D0035F28F /* Release */ = {
			isa = XCBuildConfiguration;
			buildSettings = {
				ASSETCATALOG_COMPILER_APPICON_NAME = AppIcon;
				ASSETCATALOG_COMPILER_GLOBAL_ACCENT_COLOR_NAME = AccentColor;
				CODE_SIGN_STYLE = Automatic;
				INFOPLIST_FILE = "Storm Viewer/Info.plist";
				LD_RUNPATH_SEARCH_PATHS = (
					"$(inherited)",
					"@executable_path/Frameworks",
				);
				PRODUCT_BUNDLE_IDENTIFIER = "Vyacheslav.Storm-Viewer";
				PRODUCT_NAME = "$(TARGET_NAME)";
				SWIFT_VERSION = 5.0;
				TARGETED_DEVICE_FAMILY = "1,2";
			};
			name = Release;
		};
/* End XCBuildConfiguration section */

/* Begin XCConfigurationList section */
		C8375C78259DEE8B0035F28F /* Build configuration list for PBXProject "Storm Viewer" */ = {
			isa = XCConfigurationList;
			buildConfigurations = (
				C8375C8F259DEE8D0035F28F /* Debug */,
				C8375C90259DEE8D0035F28F /* Release */,
			);
			defaultConfigurationIsVisible = 0;
			defaultConfigurationName = Release;
		};
		C8375C91259DEE8D0035F28F /* Build configuration list for PBXNativeTarget "Storm Viewer" */ = {
			isa = XCConfigurationList;
			buildConfigurations = (
				C8375C92259DEE8D0035F28F /* Debug */,
				C8375C93259DEE8D0035F28F /* Release */,
			);
			defaultConfigurationIsVisible = 0;
			defaultConfigurationName = Release;
		};
/* End XCConfigurationList section */
	};
	rootObject = C8375C75259DEE8B0035F28F /* Project object */;
}
